
Microsoft Visual Studio Solution File, Format Version 12.00
# Visual Studio Version 17
VisualStudioVersion = 17.4.33205.214
MinimumVisualStudioVersion = 10.0.40219.1
Project("{FAE04EC0-301F-11D3-BF4B-00C04F79EFBC}") = "ManasPocWebAPIs", "ManasPocWebAPIs\ManasPocWebAPIs.csproj", "{0DE17DC2-2BE2-4DA1-BA5F-697650672CE7}"
EndProject
Global
	GlobalSection(SolutionConfigurationPlatforms) = preSolution
		Debug|Any CPU = Debug|Any CPU
		Release|Any CPU = Release|Any CPU
	EndGlobalSection
	GlobalSection(ProjectConfigurationPlatforms) = postSolution
		{0DE17DC2-2BE2-4DA1-BA5F-697650672CE7}.Debug|Any CPU.ActiveCfg = Debug|Any CPU
		{0DE17DC2-2BE2-4DA1-BA5F-697650672CE7}.Debug|Any CPU.Build.0 = Debug|Any CPU
		{0DE17DC2-2BE2-4DA1-BA5F-697650672CE7}.Release|Any CPU.ActiveCfg = Release|Any CPU
		{0DE17DC2-2BE2-4DA1-BA5F-697650672CE7}.Release|Any CPU.Build.0 = Release|Any CPU
	EndGlobalSection
	GlobalSection(SolutionProperties) = preSolution
		HideSolutionNode = FALSE
	EndGlobalSection
	GlobalSection(ExtensibilityGlobals) = postSolution
		SolutionGuid = {57EA0F0C-20F7-42C6-8EF3-48FCFCC0FE77}
	EndGlobalSection
EndGlobal
